
Microsoft Visual Studio Solution File, Format Version 12.00
Project("{2150E333-8FDC-42A3-9474-1A3956D46DE8}") = "src", "src", "{A6409B24-52CA-4125-82AC-32C1665780EB}"
	ProjectSection(SolutionItems) = preProject
		src\docker-compose.yml = src\docker-compose.yml
	EndProjectSection
EndProject
Project("{FAE04EC0-301F-11D3-BF4B-00C04F79EFBC}") = "Order.API", "src\Presentation\Order.API\Order.API.csproj", "{92BE2C2E-15B2-409A-BF9F-9F1974EF9AB8}"
EndProject
Project("{FAE04EC0-301F-11D3-BF4B-00C04F79EFBC}") = "Payment.Consumer", "src\Presentation\Payment.Consumer\Payment.Consumer.csproj", "{AEA6F6D7-BBAA-4924-81EB-7EBFC7EC7BD2}"
EndProject
Project("{FAE04EC0-301F-11D3-BF4B-00C04F79EFBC}") = "Stock.Consumer", "src\Presentation\Stock.Consumer\Stock.Consumer.csproj", "{63D42E70-1D8C-4F5F-B89F-38545F6E1F82}"
EndProject
Project("{FAE04EC0-301F-11D3-BF4B-00C04F79EFBC}") = "Order.Consumer", "src\Presentation\Order.Consumer\Order.Consumer.csproj", "{B84086F7-841D-4604-90A0-459B99E06BD8}"
EndProject
Project("{2150E333-8FDC-42A3-9474-1A3956D46DE8}") = "Core", "Core", "{C1F7FFE8-C469-446B-B6E8-ADAA2C138188}"
EndProject
Project("{2150E333-8FDC-42A3-9474-1A3956D46DE8}") = "Presentation", "Presentation", "{90A2B26E-4B1F-4C64-8F7A-04BC9E510D6C}"
EndProject
Project("{2150E333-8FDC-42A3-9474-1A3956D46DE8}") = "Infrastructure", "Infrastructure", "{EE9D1EB7-6A3C-43CB-99BD-B008432E983E}"
EndProject
Project("{FAE04EC0-301F-11D3-BF4B-00C04F79EFBC}") = "Micro.Domain", "src\Core\Micro.Domain\Micro.Domain.csproj", "{80F616B9-4062-4C9F-BDEB-ADBE55A2780E}"
EndProject
Project("{FAE04EC0-301F-11D3-BF4B-00C04F79EFBC}") = "Micro.Application", "src\Core\Micro.Application\Micro.Application.csproj", "{02843D89-AA0F-425E-9C92-C9042CF93F16}"
EndProject
Project("{FAE04EC0-301F-11D3-BF4B-00C04F79EFBC}") = "Micro.Persistence", "src\Infrastructure\Micro.Persistence\Micro.Persistence.csproj", "{000B71D4-67EC-4267-89A6-034953C1AF18}"
EndProject
Project("{FAE04EC0-301F-11D3-BF4B-00C04F79EFBC}") = "OutboxWorker", "src\Presentation\OutboxWorker\OutboxWorker.csproj", "{5334922D-BD29-4907-B5D3-843E5EB6600B}"
EndProject
Project("{FAE04EC0-301F-11D3-BF4B-00C04F79EFBC}") = "Micro.Gateway", "src\Presentation\Micro.Gateway\Micro.Gateway.csproj", "{44B5AA86-D00A-4A3B-8025-0CCBAFACEEDD}"
EndProject
Global
	GlobalSection(SolutionConfigurationPlatforms) = preSolution
		Debug|Any CPU = Debug|Any CPU
		Release|Any CPU = Release|Any CPU
	EndGlobalSection
	GlobalSection(ProjectConfigurationPlatforms) = postSolution
		{92BE2C2E-15B2-409A-BF9F-9F1974EF9AB8}.Debug|Any CPU.ActiveCfg = Debug|Any CPU
		{92BE2C2E-15B2-409A-BF9F-9F1974EF9AB8}.Debug|Any CPU.Build.0 = Debug|Any CPU
		{92BE2C2E-15B2-409A-BF9F-9F1974EF9AB8}.Release|Any CPU.ActiveCfg = Release|Any CPU
		{92BE2C2E-15B2-409A-BF9F-9F1974EF9AB8}.Release|Any CPU.Build.0 = Release|Any CPU
		{AEA6F6D7-BBAA-4924-81EB-7EBFC7EC7BD2}.Debug|Any CPU.ActiveCfg = Debug|Any CPU
		{AEA6F6D7-BBAA-4924-81EB-7EBFC7EC7BD2}.Debug|Any CPU.Build.0 = Debug|Any CPU
		{AEA6F6D7-BBAA-4924-81EB-7EBFC7EC7BD2}.Release|Any CPU.ActiveCfg = Release|Any CPU
		{AEA6F6D7-BBAA-4924-81EB-7EBFC7EC7BD2}.Release|Any CPU.Build.0 = Release|Any CPU
		{63D42E70-1D8C-4F5F-B89F-38545F6E1F82}.Debug|Any CPU.ActiveCfg = Debug|Any CPU
		{63D42E70-1D8C-4F5F-B89F-38545F6E1F82}.Debug|Any CPU.Build.0 = Debug|Any CPU
		{63D42E70-1D8C-4F5F-B89F-38545F6E1F82}.Release|Any CPU.ActiveCfg = Release|Any CPU
		{63D42E70-1D8C-4F5F-B89F-38545F6E1F82}.Release|Any CPU.Build.0 = Release|Any CPU
		{B84086F7-841D-4604-90A0-459B99E06BD8}.Debug|Any CPU.ActiveCfg = Debug|Any CPU
		{B84086F7-841D-4604-90A0-459B99E06BD8}.Debug|Any CPU.Build.0 = Debug|Any CPU
		{B84086F7-841D-4604-90A0-459B99E06BD8}.Release|Any CPU.ActiveCfg = Release|Any CPU
		{B84086F7-841D-4604-90A0-459B99E06BD8}.Release|Any CPU.Build.0 = Release|Any CPU
		{80F616B9-4062-4C9F-BDEB-ADBE55A2780E}.Debug|Any CPU.ActiveCfg = Debug|Any CPU
		{80F616B9-4062-4C9F-BDEB-ADBE55A2780E}.Debug|Any CPU.Build.0 = Debug|Any CPU
		{80F616B9-4062-4C9F-BDEB-ADBE55A2780E}.Release|Any CPU.ActiveCfg = Release|Any CPU
		{80F616B9-4062-4C9F-BDEB-ADBE55A2780E}.Release|Any CPU.Build.0 = Release|Any CPU
		{02843D89-AA0F-425E-9C92-C9042CF93F16}.Debug|Any CPU.ActiveCfg = Debug|Any CPU
		{02843D89-AA0F-425E-9C92-C9042CF93F16}.Debug|Any CPU.Build.0 = Debug|Any CPU
		{02843D89-AA0F-425E-9C92-C9042CF93F16}.Release|Any CPU.ActiveCfg = Release|Any CPU
		{02843D89-AA0F-425E-9C92-C9042CF93F16}.Release|Any CPU.Build.0 = Release|Any CPU
		{000B71D4-67EC-4267-89A6-034953C1AF18}.Debug|Any CPU.ActiveCfg = Debug|Any CPU
		{000B71D4-67EC-4267-89A6-034953C1AF18}.Debug|Any CPU.Build.0 = Debug|Any CPU
		{000B71D4-67EC-4267-89A6-034953C1AF18}.Release|Any CPU.ActiveCfg = Release|Any CPU
		{000B71D4-67EC-4267-89A6-034953C1AF18}.Release|Any CPU.Build.0 = Release|Any CPU
		{5334922D-BD29-4907-B5D3-843E5EB6600B}.Debug|Any CPU.ActiveCfg = Debug|Any CPU
		{5334922D-BD29-4907-B5D3-843E5EB6600B}.Debug|Any CPU.Build.0 = Debug|Any CPU
		{5334922D-BD29-4907-B5D3-843E5EB6600B}.Release|Any CPU.ActiveCfg = Release|Any CPU
		{5334922D-BD29-4907-B5D3-843E5EB6600B}.Release|Any CPU.Build.0 = Release|Any CPU
		{44B5AA86-D00A-4A3B-8025-0CCBAFACEEDD}.Debug|Any CPU.ActiveCfg = Debug|Any CPU
		{44B5AA86-D00A-4A3B-8025-0CCBAFACEEDD}.Debug|Any CPU.Build.0 = Debug|Any CPU
		{44B5AA86-D00A-4A3B-8025-0CCBAFACEEDD}.Release|Any CPU.ActiveCfg = Release|Any CPU
		{44B5AA86-D00A-4A3B-8025-0CCBAFACEEDD}.Release|Any CPU.Build.0 = Release|Any CPU
	EndGlobalSection
	GlobalSection(NestedProjects) = preSolution
		{C1F7FFE8-C469-446B-B6E8-ADAA2C138188} = {A6409B24-52CA-4125-82AC-32C1665780EB}
		{90A2B26E-4B1F-4C64-8F7A-04BC9E510D6C} = {A6409B24-52CA-4125-82AC-32C1665780EB}
		{EE9D1EB7-6A3C-43CB-99BD-B008432E983E} = {A6409B24-52CA-4125-82AC-32C1665780EB}
		{80F616B9-4062-4C9F-BDEB-ADBE55A2780E} = {C1F7FFE8-C469-446B-B6E8-ADAA2C138188}
		{02843D89-AA0F-425E-9C92-C9042CF93F16} = {C1F7FFE8-C469-446B-B6E8-ADAA2C138188}
		{000B71D4-67EC-4267-89A6-034953C1AF18} = {EE9D1EB7-6A3C-43CB-99BD-B008432E983E}
		{92BE2C2E-15B2-409A-BF9F-9F1974EF9AB8} = {90A2B26E-4B1F-4C64-8F7A-04BC9E510D6C}
		{B84086F7-841D-4604-90A0-459B99E06BD8} = {90A2B26E-4B1F-4C64-8F7A-04BC9E510D6C}
		{AEA6F6D7-BBAA-4924-81EB-7EBFC7EC7BD2} = {90A2B26E-4B1F-4C64-8F7A-04BC9E510D6C}
		{63D42E70-1D8C-4F5F-B89F-38545F6E1F82} = {90A2B26E-4B1F-4C64-8F7A-04BC9E510D6C}
		{5334922D-BD29-4907-B5D3-843E5EB6600B} = {90A2B26E-4B1F-4C64-8F7A-04BC9E510D6C}
		{44B5AA86-D00A-4A3B-8025-0CCBAFACEEDD} = {90A2B26E-4B1F-4C64-8F7A-04BC9E510D6C}
	EndGlobalSection
EndGlobal
